
Microsoft Visual Studio Solution File, Format Version 12.00
# Visual Studio 14
VisualStudioVersion = 14.0.25420.1
MinimumVisualStudioVersion = 10.0.40219.1
Project("{FAE04EC0-301F-11D3-BF4B-00C04F79EFBC}") = "WilliamHill", "WilliamHill\WilliamHill.csproj", "{18124DE8-2A28-4D9E-A22F-3ECEC50BAB5F}"
EndProject
Project("{FAE04EC0-301F-11D3-BF4B-00C04F79EFBC}") = "WilliamHill.Tests", "WilliamHill.Tests\WilliamHill.Tests.csproj", "{0725383E-44E1-4F89-8817-B1FD92007937}"
EndProject
Project("{FAE04EC0-301F-11D3-BF4B-00C04F79EFBC}") = "WilliamHill.Data", "WilliamHill.Data\WilliamHill.Data.csproj", "{760DEBA7-448E-4BA5-9B34-626053BC76BB}"
EndProject
Global
	GlobalSection(SolutionConfigurationPlatforms) = preSolution
		Debug|Any CPU = Debug|Any CPU
		Release|Any CPU = Release|Any CPU
	EndGlobalSection
	GlobalSection(ProjectConfigurationPlatforms) = postSolution
		{18124DE8-2A28-4D9E-A22F-3ECEC50BAB5F}.Debug|Any CPU.ActiveCfg = Debug|Any CPU
		{18124DE8-2A28-4D9E-A22F-3ECEC50BAB5F}.Debug|Any CPU.Build.0 = Debug|Any CPU
		{18124DE8-2A28-4D9E-A22F-3ECEC50BAB5F}.Release|Any CPU.ActiveCfg = Release|Any CPU
		{18124DE8-2A28-4D9E-A22F-3ECEC50BAB5F}.Release|Any CPU.Build.0 = Release|Any CPU
		{0725383E-44E1-4F89-8817-B1FD92007937}.Debug|Any CPU.ActiveCfg = Debug|Any CPU
		{0725383E-44E1-4F89-8817-B1FD92007937}.Debug|Any CPU.Build.0 = Debug|Any CPU
		{0725383E-44E1-4F89-8817-B1FD92007937}.Release|Any CPU.ActiveCfg = Release|Any CPU
		{0725383E-44E1-4F89-8817-B1FD92007937}.Release|Any CPU.Build.0 = Release|Any CPU
		{760DEBA7-448E-4BA5-9B34-626053BC76BB}.Debug|Any CPU.ActiveCfg = Debug|Any CPU
		{760DEBA7-448E-4BA5-9B34-626053BC76BB}.Debug|Any CPU.Build.0 = Debug|Any CPU
		{760DEBA7-448E-4BA5-9B34-626053BC76BB}.Release|Any CPU.ActiveCfg = Release|Any CPU
		{760DEBA7-448E-4BA5-9B34-626053BC76BB}.Release|Any CPU.Build.0 = Release|Any CPU
	EndGlobalSection
	GlobalSection(SolutionProperties) = preSolution
		HideSolutionNode = FALSE
	EndGlobalSection
EndGlobal
